
Microsoft Visual Studio Solution File, Format Version 12.00
# Visual Studio Version 16
VisualStudioVersion = 16.0.31515.178
MinimumVisualStudioVersion = 10.0.40219.1
Project("{FAE04EC0-301F-11D3-BF4B-00C04F79EFBC}") = "CardListDisplay.Android", "CardListDisplay.Android\CardListDisplay.Android.csproj", "{18ACAB89-2C8E-4F75-9E38-483925AC56D2}"
EndProject
Project("{FAE04EC0-301F-11D3-BF4B-00C04F79EFBC}") = "CardListDisplay", "CardListDisplay\CardListDisplay.csproj", "{16C3F948-34E4-40FF-A5F0-66DB07A4F621}"
EndProject
Global
	GlobalSection(SolutionConfigurationPlatforms) = preSolution
		Debug|Any CPU = Debug|Any CPU
		Release|Any CPU = Release|Any CPU
	EndGlobalSection
	GlobalSection(ProjectConfigurationPlatforms) = postSolution
		{18ACAB89-2C8E-4F75-9E38-483925AC56D2}.Debug|Any CPU.ActiveCfg = Debug|Any CPU
		{18ACAB89-2C8E-4F75-9E38-483925AC56D2}.Debug|Any CPU.Build.0 = Debug|Any CPU
		{18ACAB89-2C8E-4F75-9E38-483925AC56D2}.Debug|Any CPU.Deploy.0 = Debug|Any CPU
		{18ACAB89-2C8E-4F75-9E38-483925AC56D2}.Release|Any CPU.ActiveCfg = Release|Any CPU
		{18ACAB89-2C8E-4F75-9E38-483925AC56D2}.Release|Any CPU.Build.0 = Release|Any CPU
		{18ACAB89-2C8E-4F75-9E38-483925AC56D2}.Release|Any CPU.Deploy.0 = Release|Any CPU
		{16C3F948-34E4-40FF-A5F0-66DB07A4F621}.Debug|Any CPU.ActiveCfg = Debug|Any CPU
		{16C3F948-34E4-40FF-A5F0-66DB07A4F621}.Debug|Any CPU.Build.0 = Debug|Any CPU
		{16C3F948-34E4-40FF-A5F0-66DB07A4F621}.Debug|Any CPU.Deploy.0 = Debug|Any CPU
		{16C3F948-34E4-40FF-A5F0-66DB07A4F621}.Release|Any CPU.ActiveCfg = Release|Any CPU
		{16C3F948-34E4-40FF-A5F0-66DB07A4F621}.Release|Any CPU.Build.0 = Release|Any CPU
		{16C3F948-34E4-40FF-A5F0-66DB07A4F621}.Release|Any CPU.Deploy.0 = Release|Any CPU
	EndGlobalSection
	GlobalSection(SolutionProperties) = preSolution
		HideSolutionNode = FALSE
	EndGlobalSection
	GlobalSection(ExtensibilityGlobals) = postSolution
		SolutionGuid = {1FBAE608-0A95-42A5-8C82-6C25C1BD1F19}
	EndGlobalSection
EndGlobal
